{
  "name": "common_from_es6",
  "version": "1.0.0",
  "lockfileVersion": 2,
  "requires": true,
  "packages": {
    "": {
      "name": "common_from_es6",
      "version": "1.0.0",
      "license": "ISC",
      "dependencies": {
        "es6_src": "file:../es6_src"
      }
    },
    "../es6_src": {
      "version": "1.0.0",
      "license": "ISC",
      "dependencies": {
        "commonjs_src": "file:../commonjs_src"
      }
    },
    "node_modules/es6_src": {
      "resolved": "../es6_src",
      "link": true
    }
  },
  "dependencies": {
    "es6_src": {
      "version": "file:../es6_src",
      "requires": {
        "commonjs_src": "file:../commonjs_src"
      }
    }
  }
}
