{
  "name": "es6_src",
  "version": "1.0.0",
  "lockfileVersion": 2,
  "requires": true,
  "packages": {
    "": {
      "name": "es6_src",
      "version": "1.0.0",
      "license": "ISC",
      "dependencies": {
        "commonjs_src": "file:../commonjs_src"
      }
    },
    "../commonjs_src": {
      "version": "1.0.0",
      "license": "ISC"
    },
    "node_modules/commonjs_src": {
      "resolved": "../commonjs_src",
      "link": true
    }
  },
  "dependencies": {
    "commonjs_src": {
      "version": "file:../commonjs_src"
    }
  }
}
